
Microsoft Visual Studio Solution File, Format Version 12.00
# Visual Studio Version 17
VisualStudioVersion = 17.14.36518.9 d17.14
MinimumVisualStudioVersion = 10.0.40219.1
Project("{FAE04EC0-301F-11D3-BF4B-00C04F79EFBC}") = "WpfApp", "WpfApp\WpfApp.csproj", "{4E9A8552-65C6-42C8-80BA-9BD1C0DE923A}"
EndProject
Project("{FAE04EC0-301F-11D3-BF4B-00C04F79EFBC}") = "Domain", "Domain\Domain.csproj", "{366E7E4E-8603-4817-AABD-5B56F250E81B}"
EndProject
Project("{FAE04EC0-301F-11D3-BF4B-00C04F79EFBC}") = "Data", "Data\Data.csproj", "{D5C0A41B-6176-4874-8D08-503B734097FB}"
EndProject
Project("{FAE04EC0-301F-11D3-BF4B-00C04F79EFBC}") = "ViewModels", "ViewModels\ViewModels.csproj", "{9B53C815-AE36-4A49-AC29-D7BD41248266}"
EndProject
Global
	GlobalSection(SolutionConfigurationPlatforms) = preSolution
		Debug|Any CPU = Debug|Any CPU
		Release|Any CPU = Release|Any CPU
	EndGlobalSection
	GlobalSection(ProjectConfigurationPlatforms) = postSolution
		{4E9A8552-65C6-42C8-80BA-9BD1C0DE923A}.Debug|Any CPU.ActiveCfg = Debug|Any CPU
		{4E9A8552-65C6-42C8-80BA-9BD1C0DE923A}.Debug|Any CPU.Build.0 = Debug|Any CPU
		{4E9A8552-65C6-42C8-80BA-9BD1C0DE923A}.Release|Any CPU.ActiveCfg = Release|Any CPU
		{4E9A8552-65C6-42C8-80BA-9BD1C0DE923A}.Release|Any CPU.Build.0 = Release|Any CPU
		{366E7E4E-8603-4817-AABD-5B56F250E81B}.Debug|Any CPU.ActiveCfg = Debug|Any CPU
		{366E7E4E-8603-4817-AABD-5B56F250E81B}.Debug|Any CPU.Build.0 = Debug|Any CPU
		{366E7E4E-8603-4817-AABD-5B56F250E81B}.Release|Any CPU.ActiveCfg = Release|Any CPU
		{366E7E4E-8603-4817-AABD-5B56F250E81B}.Release|Any CPU.Build.0 = Release|Any CPU
		{D5C0A41B-6176-4874-8D08-503B734097FB}.Debug|Any CPU.ActiveCfg = Debug|Any CPU
		{D5C0A41B-6176-4874-8D08-503B734097FB}.Debug|Any CPU.Build.0 = Debug|Any CPU
		{D5C0A41B-6176-4874-8D08-503B734097FB}.Release|Any CPU.ActiveCfg = Release|Any CPU
		{D5C0A41B-6176-4874-8D08-503B734097FB}.Release|Any CPU.Build.0 = Release|Any CPU
		{9B53C815-AE36-4A49-AC29-D7BD41248266}.Debug|Any CPU.ActiveCfg = Debug|Any CPU
		{9B53C815-AE36-4A49-AC29-D7BD41248266}.Debug|Any CPU.Build.0 = Debug|Any CPU
		{9B53C815-AE36-4A49-AC29-D7BD41248266}.Release|Any CPU.ActiveCfg = Release|Any CPU
		{9B53C815-AE36-4A49-AC29-D7BD41248266}.Release|Any CPU.Build.0 = Release|Any CPU
	EndGlobalSection
	GlobalSection(SolutionProperties) = preSolution
		HideSolutionNode = FALSE
	EndGlobalSection
	GlobalSection(ExtensibilityGlobals) = postSolution
		SolutionGuid = {8BB87EEA-8D0A-4F2B-B150-867EE1A59926}
	EndGlobalSection
EndGlobal
